
Microsoft Visual Studio Solution File, Format Version 12.00
# Visual Studio 2012
Project("{FAE04EC0-301F-11D3-BF4B-00C04F79EFBC}") = "DevRainSolutions.TechCompanies.Core", "DevRainSolutions.TechCompanies.Core\DevRainSolutions.TechCompanies.Core.csproj", "{5AB5308B-A49A-4E5B-A600-609F916EC5CA}"
EndProject
Project("{FAE04EC0-301F-11D3-BF4B-00C04F79EFBC}") = "DevRainSolutions.TechCompanies.WP", "DevRainSolutions.TechCompanies\DevRainSolutions.TechCompanies.WP.csproj", "{3D030783-CE3F-4F13-A3BE-31DECB7ECF3D}"
EndProject
Global
	GlobalSection(SolutionConfigurationPlatforms) = preSolution
		Debug|Any CPU = Debug|Any CPU
		Release|Any CPU = Release|Any CPU
	EndGlobalSection
	GlobalSection(ProjectConfigurationPlatforms) = postSolution
		{5AB5308B-A49A-4E5B-A600-609F916EC5CA}.Debug|Any CPU.ActiveCfg = Debug|Any CPU
		{5AB5308B-A49A-4E5B-A600-609F916EC5CA}.Debug|Any CPU.Build.0 = Debug|Any CPU
		{5AB5308B-A49A-4E5B-A600-609F916EC5CA}.Release|Any CPU.ActiveCfg = Release|Any CPU
		{5AB5308B-A49A-4E5B-A600-609F916EC5CA}.Release|Any CPU.Build.0 = Release|Any CPU
		{3D030783-CE3F-4F13-A3BE-31DECB7ECF3D}.Debug|Any CPU.ActiveCfg = Debug|Any CPU
		{3D030783-CE3F-4F13-A3BE-31DECB7ECF3D}.Debug|Any CPU.Build.0 = Debug|Any CPU
		{3D030783-CE3F-4F13-A3BE-31DECB7ECF3D}.Debug|Any CPU.Deploy.0 = Debug|Any CPU
		{3D030783-CE3F-4F13-A3BE-31DECB7ECF3D}.Release|Any CPU.ActiveCfg = Release|Any CPU
		{3D030783-CE3F-4F13-A3BE-31DECB7ECF3D}.Release|Any CPU.Build.0 = Release|Any CPU
		{3D030783-CE3F-4F13-A3BE-31DECB7ECF3D}.Release|Any CPU.Deploy.0 = Release|Any CPU
	EndGlobalSection
	GlobalSection(SolutionProperties) = preSolution
		HideSolutionNode = FALSE
	EndGlobalSection
EndGlobal
